
Microsoft Visual Studio Solution File, Format Version 12.00
# Visual Studio Version 16
VisualStudioVersion = 16.0.31129.286
MinimumVisualStudioVersion = 10.0.40219.1
Project("{FAE04EC0-301F-11D3-BF4B-00C04F79EFBC}") = "Work3", "Work3\Work3.csproj", "{EB120073-3FC0-4E52-A838-B535F85DF6D5}"
EndProject
Global
	GlobalSection(SolutionConfigurationPlatforms) = preSolution
		Debug|Any CPU = Debug|Any CPU
		Release|Any CPU = Release|Any CPU
	EndGlobalSection
	GlobalSection(ProjectConfigurationPlatforms) = postSolution
		{EB120073-3FC0-4E52-A838-B535F85DF6D5}.Debug|Any CPU.ActiveCfg = Debug|Any CPU
		{EB120073-3FC0-4E52-A838-B535F85DF6D5}.Debug|Any CPU.Build.0 = Debug|Any CPU
		{EB120073-3FC0-4E52-A838-B535F85DF6D5}.Release|Any CPU.ActiveCfg = Release|Any CPU
		{EB120073-3FC0-4E52-A838-B535F85DF6D5}.Release|Any CPU.Build.0 = Release|Any CPU
	EndGlobalSection
	GlobalSection(SolutionProperties) = preSolution
		HideSolutionNode = FALSE
	EndGlobalSection
	GlobalSection(ExtensibilityGlobals) = postSolution
		SolutionGuid = {884F5D5F-8B31-4E0C-97C3-E26769DBE56D}
	EndGlobalSection
EndGlobal
