
Microsoft Visual Studio Solution File, Format Version 12.00
# Visual Studio Version 16
VisualStudioVersion = 16.0.31129.286
MinimumVisualStudioVersion = 10.0.40219.1
Project("{FAE04EC0-301F-11D3-BF4B-00C04F79EFBC}") = "Work", "Work\Work.csproj", "{2FE0B46C-12EB-49F9-9951-C0B72152E656}"
EndProject
Global
	GlobalSection(SolutionConfigurationPlatforms) = preSolution
		Debug|Any CPU = Debug|Any CPU
		Release|Any CPU = Release|Any CPU
	EndGlobalSection
	GlobalSection(ProjectConfigurationPlatforms) = postSolution
		{2FE0B46C-12EB-49F9-9951-C0B72152E656}.Debug|Any CPU.ActiveCfg = Debug|Any CPU
		{2FE0B46C-12EB-49F9-9951-C0B72152E656}.Debug|Any CPU.Build.0 = Debug|Any CPU
		{2FE0B46C-12EB-49F9-9951-C0B72152E656}.Release|Any CPU.ActiveCfg = Release|Any CPU
		{2FE0B46C-12EB-49F9-9951-C0B72152E656}.Release|Any CPU.Build.0 = Release|Any CPU
	EndGlobalSection
	GlobalSection(SolutionProperties) = preSolution
		HideSolutionNode = FALSE
	EndGlobalSection
	GlobalSection(ExtensibilityGlobals) = postSolution
		SolutionGuid = {8416DCCE-4954-406F-8E54-190C77A0C615}
	EndGlobalSection
EndGlobal
